# THIS IS AN AUTOGENERATED FILE. DO NOT EDIT THIS FILE DIRECTLY.
# yarn lockfile v1


"@babel/runtime@^7.23.2", "@babel/runtime@^7.25.0":
  version "7.26.0"
  resolved "https://registry.yarnpkg.com/@babel/runtime/-/runtime-7.26.0.tgz#8600c2f595f277c60815256418b85356a65173c1"
  integrity sha512-FDSOghenHTiToteC/QRlv2q3DhPZ/oOXTBoirfWNx1Cx3TMVcGWQtMMmQcSvb/JjpNeGzx8Pq/b4fKEJuWm1sw==
  dependencies:
    regenerator-runtime "^0.14.0"

"@types/react-i18next@^8.1.0":
  version "8.1.0"
  resolved "https://registry.yarnpkg.com/@types/react-i18next/-/react-i18next-8.1.0.tgz#5faacbfe7dc0f24729c1df6914610bfe861a50de"
  integrity sha512-d4xhcjX5b3roNMObRNMfb1HinHQlQLPo8xlDj60dnHeeAw2bBymR2cy/l1giJpHzo/ZFgSvgVUvIWr4kCrenCg==
  dependencies:
    react-i18next "*"

cross-fetch@4.0.0:
  version "4.0.0"
  resolved "https://registry.yarnpkg.com/cross-fetch/-/cross-fetch-4.0.0.tgz#f037aef1580bb3a1a35164ea2a848ba81b445983"
  integrity sha512-e4a5N8lVvuLgAWgnCrLr2PP0YyDOTHa9H/Rj54dirp61qXnNq46m82bRhNqIA5VccJtWBvPTFRV3TtvHUKPB1g==
  dependencies:
    node-fetch "^2.6.12"

html-parse-stringify@^3.0.1:
  version "3.0.1"
  resolved "https://registry.yarnpkg.com/html-parse-stringify/-/html-parse-stringify-3.0.1.tgz#dfc1017347ce9f77c8141a507f233040c59c55d2"
  integrity sha512-KknJ50kTInJ7qIScF3jeaFRpMpE8/lfiTdzf/twXyPBLAGrLRTmkz3AdTnKeh40X8k9L2fdYwEp/42WGXIRGcg==
  dependencies:
    void-elements "3.1.0"

i18next-browser-languagedetector@^8.0.2:
  version "8.0.2"
  resolved "https://registry.yarnpkg.com/i18next-browser-languagedetector/-/i18next-browser-languagedetector-8.0.2.tgz#037ca25c26877cad778f060a9e177054d9f8eaa3"
  integrity sha512-shBvPmnIyZeD2VU5jVGIOWP7u9qNG3Lj7mpaiPFpbJ3LVfHZJvVzKR4v1Cb91wAOFpNw442N+LGPzHOHsten2g==
  dependencies:
    "@babel/runtime" "^7.23.2"

i18next-http-backend@^3.0.2:
  version "3.0.2"
  resolved "https://registry.yarnpkg.com/i18next-http-backend/-/i18next-http-backend-3.0.2.tgz#7c8daa31aa69679e155ec1f96a37846225bdf907"
  integrity sha512-PdlvPnvIp4E1sYi46Ik4tBYh/v/NbYfFFgTjkwFl0is8A18s7/bx9aXqsrOax9WUbeNS6mD2oix7Z0yGGf6m5g==
  dependencies:
    cross-fetch "4.0.0"

i18next@^24.2.1:
  version "24.2.1"
  resolved "https://registry.yarnpkg.com/i18next/-/i18next-24.2.1.tgz#91e8f11fc9bd7042ec0bd36bed2dd0457aaa35fa"
  integrity sha512-Q2wC1TjWcSikn1VAJg13UGIjc+okpFxQTxjVAymOnSA3RpttBQNMPf2ovcgoFVsV4QNxTfNZMAxorXZXsk4fBA==
  dependencies:
    "@babel/runtime" "^7.23.2"

node-fetch@^2.6.12:
  version "2.7.0"
  resolved "https://registry.yarnpkg.com/node-fetch/-/node-fetch-2.7.0.tgz#d0f0fa6e3e2dc1d27efcd8ad99d550bda94d187d"
  integrity sha512-c4FRfUm/dbcWZ7U+1Wq0AwCyFL+3nt2bEw05wfxSz+DWpWsitgmSgYmy2dQdWyKC1694ELPqMs/YzUSNozLt8A==
  dependencies:
    whatwg-url "^5.0.0"

react-i18next@*, react-i18next@^15.4.0:
  version "15.4.0"
  resolved "https://registry.yarnpkg.com/react-i18next/-/react-i18next-15.4.0.tgz#87c755fb6d7a567eec134e4759b022a0baacb19e"
  integrity sha512-Py6UkX3zV08RTvL6ZANRoBh9sL/ne6rQq79XlkHEdd82cZr2H9usbWpUNVadJntIZP2pu3M2rL1CN+5rQYfYFw==
  dependencies:
    "@babel/runtime" "^7.25.0"
    html-parse-stringify "^3.0.1"

regenerator-runtime@^0.14.0:
  version "0.14.1"
  resolved "https://registry.yarnpkg.com/regenerator-runtime/-/regenerator-runtime-0.14.1.tgz#356ade10263f685dda125100cd862c1db895327f"
  integrity sha512-dYnhHh0nJoMfnkZs6GmmhFknAGRrLznOu5nc9ML+EJxGvrx6H7teuevqVqCuPcPK//3eDrrjQhehXVx9cnkGdw==

tr46@~0.0.3:
  version "0.0.3"
  resolved "https://registry.yarnpkg.com/tr46/-/tr46-0.0.3.tgz#8184fd347dac9cdc185992f3a6622e14b9d9ab6a"
  integrity sha512-N3WMsuqV66lT30CrXNbEjx4GEwlow3v6rr4mCcv6prnfwhS01rkgyFdjPNBYd9br7LpXV1+Emh01fHnq2Gdgrw==

void-elements@3.1.0:
  version "3.1.0"
  resolved "https://registry.yarnpkg.com/void-elements/-/void-elements-3.1.0.tgz#614f7fbf8d801f0bb5f0661f5b2f5785750e4f09"
  integrity sha512-Dhxzh5HZuiHQhbvTW9AMetFfBHDMYpo23Uo9btPXgdYP+3T5S+p+jgNy7spra+veYhBP2dCSgxR/i2Y02h5/6w==

webidl-conversions@^3.0.0:
  version "3.0.1"
  resolved "https://registry.yarnpkg.com/webidl-conversions/-/webidl-conversions-3.0.1.tgz#24534275e2a7bc6be7bc86611cc16ae0a5654871"
  integrity sha512-2JAn3z8AR6rjK8Sm8orRC0h/bcl/DqL7tRPdGZ4I1CjdF+EaMLmYxBHyXuKL849eucPFhvBoxMsflfOb8kxaeQ==

whatwg-url@^5.0.0:
  version "5.0.0"
  resolved "https://registry.yarnpkg.com/whatwg-url/-/whatwg-url-5.0.0.tgz#966454e8765462e37644d3626f6742ce8b70965d"
  integrity sha512-saE57nupxk6v3HY35+jzBwYa0rKSy0XR8JSxZPwgLr7ys0IBzhGviA1/TUGJLmSVqs8pb9AnvICXEuOHLprYTw==
  dependencies:
    tr46 "~0.0.3"
    webidl-conversions "^3.0.0"
